{
  "name": "conflux-testnet-faucet",
  "version": "0.9.0",
  "lockfileVersion": 2,
  "requires": true,
  "packages": {
    "": {
      "name": "conflux-testnet-faucet",
      "version": "0.9.0",
      "license": "MIT",
      "dependencies": {
        "@openzeppelin/contracts": "^3.4.0"
      }
    },
    "node_modules/@openzeppelin/contracts": {
      "version": "3.4.1",
      "resolved": "https://registry.nlark.com/@openzeppelin/contracts/download/@openzeppelin/contracts-3.4.1.tgz",
      "integrity": "sha1-A8iR/sf5O+CuRO105XoSKjhzLOc="
    }
  },
  "dependencies": {
    "@openzeppelin/contracts": {
      "version": "3.4.1",
      "resolved": "https://registry.nlark.com/@openzeppelin/contracts/download/@openzeppelin/contracts-3.4.1.tgz",
      "integrity": "sha1-A8iR/sf5O+CuRO105XoSKjhzLOc="
    }
  }
}
